// !$*UTF8*$!
{
	archiveVersion = 1;
	classes = {
	};
	objectVersion = 51;
	objects = {

/* Begin PBXBuildFile section */
		41C670BB94E644403B5A3DDB /* Pods_CandleTest.framework in Frameworks */ = {isa = PBXBuildFile; fileRef = 8B969F19693BC5BA07A82E40 /* Pods_CandleTest.framework */; };
		F34AC6AC2427768E005267BF /* AppDelegate.swift in Sources */ = {isa = PBXBuildFile; fileRef = F34AC6AB2427768E005267BF /* AppDelegate.swift */; };
		F34AC6AE2427768E005267BF /* SceneDelegate.swift in Sources */ = {isa = PBXBuildFile; fileRef = F34AC6AD2427768E005267BF /* SceneDelegate.swift */; };
		F34AC6B02427768E005267BF /* ViewController.swift in Sources */ = {isa = PBXBuildFile; fileRef = F34AC6AF2427768E005267BF /* ViewController.swift */; };
		F34AC6B32427768E005267BF /* Main.storyboard in Resources */ = {isa = PBXBuildFile; fileRef = F34AC6B12427768E005267BF /* Main.storyboard */; };
		F34AC6B52427768F005267BF /* Assets.xcassets in Resources */ = {isa = PBXBuildFile; fileRef = F34AC6B42427768F005267BF /* Assets.xcassets */; };
		F34AC6B82427768F005267BF /* LaunchScreen.storyboard in Resources */ = {isa = PBXBuildFile; fileRef = F34AC6B62427768F005267BF /* LaunchScreen.storyboard */; };
		F34AC6C02427776E005267BF /* CandleCell.swift in Sources */ = {isa = PBXBuildFile; fileRef = F34AC6BF2427776E005267BF /* CandleCell.swift */; };
		F34AC6C2242787CE005267BF /* TestGenerator.swift in Sources */ = {isa = PBXBuildFile; fileRef = F34AC6C1242787CE005267BF /* TestGenerator.swift */; };
		F3519DD0242A57B200A7213D /* ResponseModel.swift in Sources */ = {isa = PBXBuildFile; fileRef = F3519DCF242A57B200A7213D /* ResponseModel.swift */; };
		F3519DD2242A580700A7213D /* CandleModel.swift in Sources */ = {isa = PBXBuildFile; fileRef = F3519DD1242A580700A7213D /* CandleModel.swift */; };
		F3519DD6242A8A9C00A7213D /* Strings+ConvertCGFloat.swift in Sources */ = {isa = PBXBuildFile; fileRef = F3519DD5242A8A9C00A7213D /* Strings+ConvertCGFloat.swift */; };
		F366F5092429385C00242FD6 /* WebSocketManager.swift in Sources */ = {isa = PBXBuildFile; fileRef = F366F5082429385C00242FD6 /* WebSocketManager.swift */; };
		F366F50E242945E200242FD6 /* DataHandler.swift in Sources */ = {isa = PBXBuildFile; fileRef = F366F50D242945E200242FD6 /* DataHandler.swift */; };
		F3D77E1E243D338D00AAE34D /* darkScreenshot.png in Resources */ = {isa = PBXBuildFile; fileRef = F3D77E1C243D338D00AAE34D /* darkScreenshot.png */; };
		F3D77E1F243D338D00AAE34D /* lightScreenshot.png in Resources */ = {isa = PBXBuildFile; fileRef = F3D77E1D243D338D00AAE34D /* lightScreenshot.png */; };
/* End PBXBuildFile section */

/* Begin PBXFileReference section */
		7C3999069E7FA9BC382EC37E /* Pods-CandleTest.release.xcconfig */ = {isa = PBXFileReference; includeInIndex = 1; lastKnownFileType = text.xcconfig; name = "Pods-CandleTest.release.xcconfig"; path = "Target Support Files/Pods-CandleTest/Pods-CandleTest.release.xcconfig"; sourceTree = "<group>"; };
		8B969F19693BC5BA07A82E40 /* Pods_CandleTest.framework */ = {isa = PBXFileReference; explicitFileType = wrapper.framework; includeInIndex = 0; path = Pods_CandleTest.framework; sourceTree = BUILT_PRODUCTS_DIR; };
		DD637BEFAAE681092D9A98B3 /* Pods-CandleTest.debug.xcconfig */ = {isa = PBXFileReference; includeInIndex = 1; lastKnownFileType = text.xcconfig; name = "Pods-CandleTest.debug.xcconfig"; path = "Target Support Files/Pods-CandleTest/Pods-CandleTest.debug.xcconfig"; sourceTree = "<group>"; };
		F34AC6A82427768E005267BF /* CandleTest.app */ = {isa = PBXFileReference; explicitFileType = wrapper.application; includeInIndex = 0; path = CandleTest.app; sourceTree = BUILT_PRODUCTS_DIR; };
		F34AC6AB2427768E005267BF /* AppDelegate.swift */ = {isa = PBXFileReference; lastKnownFileType = sourcecode.swift; path = AppDelegate.swift; sourceTree = "<group>"; };
		F34AC6AD2427768E005267BF /* SceneDelegate.swift */ = {isa = PBXFileReference; lastKnownFileType = sourcecode.swift; path = SceneDelegate.swift; sourceTree = "<group>"; };
		F34AC6AF2427768E005267BF /* ViewController.swift */ = {isa = PBXFileReference; lastKnownFileType = sourcecode.swift; path = ViewController.swift; sourceTree = "<group>"; };
		F34AC6B22427768E005267BF /* Base */ = {isa = PBXFileReference; lastKnownFileType = file.storyboard; name = Base; path = Base.lproj/Main.storyboard; sourceTree = "<group>"; };
		F34AC6B42427768F005267BF /* Assets.xcassets */ = {isa = PBXFileReference; lastKnownFileType = folder.assetcatalog; path = Assets.xcassets; sourceTree = "<group>"; };
		F34AC6B72427768F005267BF /* Base */ = {isa = PBXFileReference; lastKnownFileType = file.storyboard; name = Base; path = Base.lproj/LaunchScreen.storyboard; sourceTree = "<group>"; };
		F34AC6B92427768F005267BF /* Info.plist */ = {isa = PBXFileReference; lastKnownFileType = text.plist.xml; path = Info.plist; sourceTree = "<group>"; };
		F34AC6BF2427776E005267BF /* CandleCell.swift */ = {isa = PBXFileReference; lastKnownFileType = sourcecode.swift; path = CandleCell.swift; sourceTree = "<group>"; };
		F34AC6C1242787CE005267BF /* TestGenerator.swift */ = {isa = PBXFileReference; lastKnownFileType = sourcecode.swift; path = TestGenerator.swift; sourceTree = "<group>"; };
		F3519DCF242A57B200A7213D /* ResponseModel.swift */ = {isa = PBXFileReference; lastKnownFileType = sourcecode.swift; path = ResponseModel.swift; sourceTree = "<group>"; };
		F3519DD1242A580700A7213D /* CandleModel.swift */ = {isa = PBXFileReference; lastKnownFileType = sourcecode.swift; path = CandleModel.swift; sourceTree = "<group>"; };
		F3519DD5242A8A9C00A7213D /* Strings+ConvertCGFloat.swift */ = {isa = PBXFileReference; lastKnownFileType = sourcecode.swift; path = "Strings+ConvertCGFloat.swift"; sourceTree = "<group>"; };
		F366F5082429385C00242FD6 /* WebSocketManager.swift */ = {isa = PBXFileReference; lastKnownFileType = sourcecode.swift; path = WebSocketManager.swift; sourceTree = "<group>"; };
		F366F50D242945E200242FD6 /* DataHandler.swift */ = {isa = PBXFileReference; lastKnownFileType = sourcecode.swift; path = DataHandler.swift; sourceTree = "<group>"; };
		F3D77E1C243D338D00AAE34D /* darkScreenshot.png */ = {isa = PBXFileReference; lastKnownFileType = image.png; path = darkScreenshot.png; sourceTree = "<group>"; };
		F3D77E1D243D338D00AAE34D /* lightScreenshot.png */ = {isa = PBXFileReference; lastKnownFileType = image.png; path = lightScreenshot.png; sourceTree = "<group>"; };
/* End PBXFileReference section */

/* Begin PBXFrameworksBuildPhase section */
		F34AC6A52427768E005267BF /* Frameworks */ = {
			isa = PBXFrameworksBuildPhase;
			buildActionMask = 2147483647;
			files = (
				41C670BB94E644403B5A3DDB /* Pods_CandleTest.framework in Frameworks */,
			);
			runOnlyForDeploymentPostprocessing = 0;
		};
/* End PBXFrameworksBuildPhase section */

/* Begin PBXGroup section */
		97F6D87BB56EEDAAD49E0534 /* Pods */ = {
			isa = PBXGroup;
			children = (
				DD637BEFAAE681092D9A98B3 /* Pods-CandleTest.debug.xcconfig */,
				7C3999069E7FA9BC382EC37E /* Pods-CandleTest.release.xcconfig */,
			);
			path = Pods;
			sourceTree = "<group>";
		};
		D547ACE65671F5BE60AF5969 /* Frameworks */ = {
			isa = PBXGroup;
			children = (
				8B969F19693BC5BA07A82E40 /* Pods_CandleTest.framework */,
			);
			name = Frameworks;
			sourceTree = "<group>";
		};
		F34AC69F2427768E005267BF = {
			isa = PBXGroup;
			children = (
				F3D77E1B243D338D00AAE34D /* ReadmeFiles */,
				F34AC6AA2427768E005267BF /* CandleTest */,
				F34AC6A92427768E005267BF /* Products */,
				97F6D87BB56EEDAAD49E0534 /* Pods */,
				D547ACE65671F5BE60AF5969 /* Frameworks */,
			);
			sourceTree = "<group>";
		};
		F34AC6A92427768E005267BF /* Products */ = {
			isa = PBXGroup;
			children = (
				F34AC6A82427768E005267BF /* CandleTest.app */,
			);
			name = Products;
			sourceTree = "<group>";
		};
		F34AC6AA2427768E005267BF /* CandleTest */ = {
			isa = PBXGroup;
			children = (
				F3519DD4242A8A7700A7213D /* Extensions */,
				F3519DD3242A58B400A7213D /* UI */,
				F3519DCE242A57A400A7213D /* Modes */,
				F366F50A24293C9000242FD6 /* Managers */,
				F34AC6AB2427768E005267BF /* AppDelegate.swift */,
				F34AC6AD2427768E005267BF /* SceneDelegate.swift */,
				F34AC6C1242787CE005267BF /* TestGenerator.swift */,
				F34AC6B42427768F005267BF /* Assets.xcassets */,
				F34AC6B62427768F005267BF /* LaunchScreen.storyboard */,
				F34AC6B92427768F005267BF /* Info.plist */,
			);
			path = CandleTest;
			sourceTree = "<group>";
		};
		F3519DCE242A57A400A7213D /* Modes */ = {
			isa = PBXGroup;
			children = (
				F3519DCF242A57B200A7213D /* ResponseModel.swift */,
				F3519DD1242A580700A7213D /* CandleModel.swift */,
			);
			path = Modes;
			sourceTree = "<group>";
		};
		F3519DD3242A58B400A7213D /* UI */ = {
			isa = PBXGroup;
			children = (
				F34AC6BF2427776E005267BF /* CandleCell.swift */,
				F34AC6AF2427768E005267BF /* ViewController.swift */,
				F34AC6B12427768E005267BF /* Main.storyboard */,
			);
			path = UI;
			sourceTree = "<group>";
		};
		F3519DD4242A8A7700A7213D /* Extensions */ = {
			isa = PBXGroup;
			children = (
				F3519DD5242A8A9C00A7213D /* Strings+ConvertCGFloat.swift */,
			);
			path = Extensions;
			sourceTree = "<group>";
		};
		F366F50A24293C9000242FD6 /* Managers */ = {
			isa = PBXGroup;
			children = (
				F366F5082429385C00242FD6 /* WebSocketManager.swift */,
				F366F50D242945E200242FD6 /* DataHandler.swift */,
			);
			path = Managers;
			sourceTree = "<group>";
		};
		F3D77E1B243D338D00AAE34D /* ReadmeFiles */ = {
			isa = PBXGroup;
			children = (
				F3D77E1C243D338D00AAE34D /* darkScreenshot.png */,
				F3D77E1D243D338D00AAE34D /* lightScreenshot.png */,
			);
			path = ReadmeFiles;
			sourceTree = "<group>";
		};
/* End PBXGroup section */

/* Begin PBXNativeTarget section */
		F34AC6A72427768E005267BF /* CandleTest */ = {
			isa = PBXNativeTarget;
			buildConfigurationList = F34AC6BC2427768F005267BF /* Build configuration list for PBXNativeTarget "CandleTest" */;
			buildPhases = (
				FA5026BCCA0EA1458CFA705A /* [CP] Check Pods Manifest.lock */,
				F34AC6A42427768E005267BF /* Sources */,
				F34AC6A52427768E005267BF /* Frameworks */,
				F34AC6A62427768E005267BF /* Resources */,
				833510C2EED0B9A5C0F1C496 /* [CP] Embed Pods Frameworks */,
			);
			buildRules = (
			);
			dependencies = (
			);
			name = CandleTest;
			productName = CandleTest;
			productReference = F34AC6A82427768E005267BF /* CandleTest.app */;
			productType = "com.apple.product-type.application";
		};
/* End PBXNativeTarget section */

/* Begin PBXProject section */
		F34AC6A02427768E005267BF /* Project object */ = {
			isa = PBXProject;
			attributes = {
				LastSwiftUpdateCheck = 1130;
				LastUpgradeCheck = 1130;
				ORGANIZATIONNAME = "Leonid Kibukevich";
				TargetAttributes = {
					F34AC6A72427768E005267BF = {
						CreatedOnToolsVersion = 11.3.1;
					};
				};
			};
			buildConfigurationList = F34AC6A32427768E005267BF /* Build configuration list for PBXProject "CandleTest" */;
			compatibilityVersion = "Xcode 9.3";
			developmentRegion = en;
			hasScannedForEncodings = 0;
			knownRegions = (
				en,
				Base,
			);
			mainGroup = F34AC69F2427768E005267BF;
			productRefGroup = F34AC6A92427768E005267BF /* Products */;
			projectDirPath = "";
			projectRoot = "";
			targets = (
				F34AC6A72427768E005267BF /* CandleTest */,
			);
		};
/* End PBXProject section */

/* Begin PBXResourcesBuildPhase section */
		F34AC6A62427768E005267BF /* Resources */ = {
			isa = PBXResourcesBuildPhase;
			buildActionMask = 2147483647;
			files = (
				F3D77E1F243D338D00AAE34D /* lightScreenshot.png in Resources */,
				F34AC6B82427768F005267BF /* LaunchScreen.storyboard in Resources */,
				F3D77E1E243D338D00AAE34D /* darkScreenshot.png in Resources */,
				F34AC6B52427768F005267BF /* Assets.xcassets in Resources */,
				F34AC6B32427768E005267BF /* Main.storyboard in Resources */,
			);
			runOnlyForDeploymentPostprocessing = 0;
		};
/* End PBXResourcesBuildPhase section */

/* Begin PBXShellScriptBuildPhase section */
		833510C2EED0B9A5C0F1C496 /* [CP] Embed Pods Frameworks */ = {
			isa = PBXShellScriptBuildPhase;
			buildActionMask = 2147483647;
			files = (
			);
			inputFileListPaths = (
				"${PODS_ROOT}/Target Support Files/Pods-CandleTest/Pods-CandleTest-frameworks-${CONFIGURATION}-input-files.xcfilelist",
			);
			name = "[CP] Embed Pods Frameworks";
			outputFileListPaths = (
				"${PODS_ROOT}/Target Support Files/Pods-CandleTest/Pods-CandleTest-frameworks-${CONFIGURATION}-output-files.xcfilelist",
			);
			runOnlyForDeploymentPostprocessing = 0;
			shellPath = /bin/sh;
			shellScript = "\"${PODS_ROOT}/Target Support Files/Pods-CandleTest/Pods-CandleTest-frameworks.sh\"\n";
			showEnvVarsInLog = 0;
		};
		FA5026BCCA0EA1458CFA705A /* [CP] Check Pods Manifest.lock */ = {
			isa = PBXShellScriptBuildPhase;
			buildActionMask = 2147483647;
			files = (
			);
			inputFileListPaths = (
			);
			inputPaths = (
				"${PODS_PODFILE_DIR_PATH}/Podfile.lock",
				"${PODS_ROOT}/Manifest.lock",
			);
			name = "[CP] Check Pods Manifest.lock";
			outputFileListPaths = (
			);
			outputPaths = (
				"$(DERIVED_FILE_DIR)/Pods-CandleTest-checkManifestLockResult.txt",
			);
			runOnlyForDeploymentPostprocessing = 0;
			shellPath = /bin/sh;
			shellScript = "diff \"${PODS_PODFILE_DIR_PATH}/Podfile.lock\" \"${PODS_ROOT}/Manifest.lock\" > /dev/null\nif [ $? != 0 ] ; then\n    # print error to STDERR\n    echo \"error: The sandbox is not in sync with the Podfile.lock. Run 'pod install' or update your CocoaPods installation.\" >&2\n    exit 1\nfi\n# This output is used by Xcode 'outputs' to avoid re-running this script phase.\necho \"SUCCESS\" > \"${SCRIPT_OUTPUT_FILE_0}\"\n";
			showEnvVarsInLog = 0;
		};
/* End PBXShellScriptBuildPhase section */

/* Begin PBXSourcesBuildPhase section */
		F34AC6A42427768E005267BF /* Sources */ = {
			isa = PBXSourcesBuildPhase;
			buildActionMask = 2147483647;
			files = (
				F3519DD2242A580700A7213D /* CandleModel.swift in Sources */,
				F34AC6B02427768E005267BF /* ViewController.swift in Sources */,
				F366F50E242945E200242FD6 /* DataHandler.swift in Sources */,
				F34AC6AC2427768E005267BF /* AppDelegate.swift in Sources */,
				F34AC6C02427776E005267BF /* CandleCell.swift in Sources */,
				F34AC6AE2427768E005267BF /* SceneDelegate.swift in Sources */,
				F34AC6C2242787CE005267BF /* TestGenerator.swift in Sources */,
				F3519DD6242A8A9C00A7213D /* Strings+ConvertCGFloat.swift in Sources */,
				F3519DD0242A57B200A7213D /* ResponseModel.swift in Sources */,
				F366F5092429385C00242FD6 /* WebSocketManager.swift in Sources */,
			);
			runOnlyForDeploymentPostprocessing = 0;
		};
/* End PBXSourcesBuildPhase section */

/* Begin PBXVariantGroup section */
		F34AC6B12427768E005267BF /* Main.storyboard */ = {
			isa = PBXVariantGroup;
			children = (
				F34AC6B22427768E005267BF /* Base */,
			);
			name = Main.storyboard;
			sourceTree = "<group>";
		};
		F34AC6B62427768F005267BF /* LaunchScreen.storyboard */ = {
			isa = PBXVariantGroup;
			children = (
				F34AC6B72427768F005267BF /* Base */,
			);
			name = LaunchScreen.storyboard;
			sourceTree = "<group>";
		};
/* End PBXVariantGroup section */

/* Begin XCBuildConfiguration section */
		F34AC6BA2427768F005267BF /* Debug */ = {
			isa = XCBuildConfiguration;
			buildSettings = {
				ALWAYS_SEARCH_USER_PATHS = NO;
				CLANG_ANALYZER_NONNULL = YES;
				CLANG_ANALYZER_NUMBER_OBJECT_CONVERSION = YES_AGGRESSIVE;
				CLANG_CXX_LANGUAGE_STANDARD = "gnu++14";
				CLANG_CXX_LIBRARY = "libc++";
				CLANG_ENABLE_MODULES = YES;
				CLANG_ENABLE_OBJC_ARC = YES;
				CLANG_ENABLE_OBJC_WEAK = YES;
				CLANG_WARN_BLOCK_CAPTURE_AUTORELEASING = YES;
				CLANG_WARN_BOOL_CONVERSION = YES;
				CLANG_WARN_COMMA = YES;
				CLANG_WARN_CONSTANT_CONVERSION = YES;
				CLANG_WARN_DEPRECATED_OBJC_IMPLEMENTATIONS = YES;
				CLANG_WARN_DIRECT_OBJC_ISA_USAGE = YES_ERROR;
				CLANG_WARN_DOCUMENTATION_COMMENTS = YES;
				CLANG_WARN_EMPTY_BODY = YES;
				CLANG_WARN_ENUM_CONVERSION = YES;
				CLANG_WARN_INFINITE_RECURSION = YES;
				CLANG_WARN_INT_CONVERSION = YES;
				CLANG_WARN_NON_LITERAL_NULL_CONVERSION = YES;
				CLANG_WARN_OBJC_IMPLICIT_RETAIN_SELF = YES;
				CLANG_WARN_OBJC_LITERAL_CONVERSION = YES;
				CLANG_WARN_OBJC_ROOT_CLASS = YES_ERROR;
				CLANG_WARN_RANGE_LOOP_ANALYSIS = YES;
				CLANG_WARN_STRICT_PROTOTYPES = YES;
				CLANG_WARN_SUSPICIOUS_MOVE = YES;
				CLANG_WARN_UNGUARDED_AVAILABILITY = YES_AGGRESSIVE;
				CLANG_WARN_UNREACHABLE_CODE = YES;
				CLANG_WARN__DUPLICATE_METHOD_MATCH = YES;
				COPY_PHASE_STRIP = NO;
				DEBUG_INFORMATION_FORMAT = dwarf;
				ENABLE_STRICT_OBJC_MSGSEND = YES;
				ENABLE_TESTABILITY = YES;
				GCC_C_LANGUAGE_STANDARD = gnu11;
				GCC_DYNAMIC_NO_PIC = NO;
				GCC_NO_COMMON_BLOCKS = YES;
				GCC_OPTIMIZATION_LEVEL = 0;
				GCC_PREPROCESSOR_DEFINITIONS = (
					"DEBUG=1",
					"$(inherited)",
				);
				GCC_WARN_64_TO_32_BIT_CONVERSION = YES;
				GCC_WARN_ABOUT_RETURN_TYPE = YES_ERROR;
				GCC_WARN_UNDECLARED_SELECTOR = YES;
				GCC_WARN_UNINITIALIZED_AUTOS = YES_AGGRESSIVE;
				GCC_WARN_UNUSED_FUNCTION = YES;
				GCC_WARN_UNUSED_VARIABLE = YES;
				IPHONEOS_DEPLOYMENT_TARGET = 13.0;
				MTL_ENABLE_DEBUG_INFO = INCLUDE_SOURCE;
				MTL_FAST_MATH = YES;
				ONLY_ACTIVE_ARCH = YES;
				SDKROOT = iphoneos;
				SWIFT_ACTIVE_COMPILATION_CONDITIONS = DEBUG;
				SWIFT_OPTIMIZATION_LEVEL = "-Onone";
			};
			name = Debug;
		};
		F34AC6BB2427768F005267BF /* Release */ = {
			isa = XCBuildConfiguration;
			buildSettings = {
				ALWAYS_SEARCH_USER_PATHS = NO;
				CLANG_ANALYZER_NONNULL = YES;
				CLANG_ANALYZER_NUMBER_OBJECT_CONVERSION = YES_AGGRESSIVE;
				CLANG_CXX_LANGUAGE_STANDARD = "gnu++14";
				CLANG_CXX_LIBRARY = "libc++";
				CLANG_ENABLE_MODULES = YES;
				CLANG_ENABLE_OBJC_ARC = YES;
				CLANG_ENABLE_OBJC_WEAK = YES;
				CLANG_WARN_BLOCK_CAPTURE_AUTORELEASING = YES;
				CLANG_WARN_BOOL_CONVERSION = YES;
				CLANG_WARN_COMMA = YES;
				CLANG_WARN_CONSTANT_CONVERSION = YES;
				CLANG_WARN_DEPRECATED_OBJC_IMPLEMENTATIONS = YES;
				CLANG_WARN_DIRECT_OBJC_ISA_USAGE = YES_ERROR;
				CLANG_WARN_DOCUMENTATION_COMMENTS = YES;
				CLANG_WARN_EMPTY_BODY = YES;
				CLANG_WARN_ENUM_CONVERSION = YES;
				CLANG_WARN_INFINITE_RECURSION = YES;
				CLANG_WARN_INT_CONVERSION = YES;
				CLANG_WARN_NON_LITERAL_NULL_CONVERSION = YES;
				CLANG_WARN_OBJC_IMPLICIT_RETAIN_SELF = YES;
				CLANG_WARN_OBJC_LITERAL_CONVERSION = YES;
				CLANG_WARN_OBJC_ROOT_CLASS = YES_ERROR;
				CLANG_WARN_RANGE_LOOP_ANALYSIS = YES;
				CLANG_WARN_STRICT_PROTOTYPES = YES;
				CLANG_WARN_SUSPICIOUS_MOVE = YES;
				CLANG_WARN_UNGUARDED_AVAILABILITY = YES_AGGRESSIVE;
				CLANG_WARN_UNREACHABLE_CODE = YES;
				CLANG_WARN__DUPLICATE_METHOD_MATCH = YES;
				COPY_PHASE_STRIP = NO;
				DEBUG_INFORMATION_FORMAT = "dwarf-with-dsym";
				ENABLE_NS_ASSERTIONS = NO;
				ENABLE_STRICT_OBJC_MSGSEND = YES;
				GCC_C_LANGUAGE_STANDARD = gnu11;
				GCC_NO_COMMON_BLOCKS = YES;
				GCC_WARN_64_TO_32_BIT_CONVERSION = YES;
				GCC_WARN_ABOUT_RETURN_TYPE = YES_ERROR;
				GCC_WARN_UNDECLARED_SELECTOR = YES;
				GCC_WARN_UNINITIALIZED_AUTOS = YES_AGGRESSIVE;
				GCC_WARN_UNUSED_FUNCTION = YES;
				GCC_WARN_UNUSED_VARIABLE = YES;
				IPHONEOS_DEPLOYMENT_TARGET = 13.0;
				MTL_ENABLE_DEBUG_INFO = NO;
				MTL_FAST_MATH = YES;
				SDKROOT = iphoneos;
				SWIFT_COMPILATION_MODE = wholemodule;
				SWIFT_OPTIMIZATION_LEVEL = "-O";
				VALIDATE_PRODUCT = YES;
			};
			name = Release;
		};
		F34AC6BD2427768F005267BF /* Debug */ = {
			isa = XCBuildConfiguration;
			baseConfigurationReference = DD637BEFAAE681092D9A98B3 /* Pods-CandleTest.debug.xcconfig */;
			buildSettings = {
				ASSETCATALOG_COMPILER_APPICON_NAME = AppIcon;
				CODE_SIGN_STYLE = Automatic;
				DEVELOPMENT_TEAM = K4TS6AP6MZ;
				INFOPLIST_FILE = CandleTest/Info.plist;
				LD_RUNPATH_SEARCH_PATHS = (
					"$(inherited)",
					"@executable_path/Frameworks",
				);
				PRODUCT_BUNDLE_IDENTIFIER = "-.CandleTest";
				PRODUCT_NAME = "$(TARGET_NAME)";
				SWIFT_VERSION = 5.0;
				TARGETED_DEVICE_FAMILY = "1,2";
			};
			name = Debug;
		};
		F34AC6BE2427768F005267BF /* Release */ = {
			isa = XCBuildConfiguration;
			baseConfigurationReference = 7C3999069E7FA9BC382EC37E /* Pods-CandleTest.release.xcconfig */;
			buildSettings = {
				ASSETCATALOG_COMPILER_APPICON_NAME = AppIcon;
				CODE_SIGN_STYLE = Automatic;
				DEVELOPMENT_TEAM = K4TS6AP6MZ;
				INFOPLIST_FILE = CandleTest/Info.plist;
				LD_RUNPATH_SEARCH_PATHS = (
					"$(inherited)",
					"@executable_path/Frameworks",
				);
				PRODUCT_BUNDLE_IDENTIFIER = "-.CandleTest";
				PRODUCT_NAME = "$(TARGET_NAME)";
				SWIFT_VERSION = 5.0;
				TARGETED_DEVICE_FAMILY = "1,2";
			};
			name = Release;
		};
/* End XCBuildConfiguration section */

/* Begin XCConfigurationList section */
		F34AC6A32427768E005267BF /* Build configuration list for PBXProject "CandleTest" */ = {
			isa = XCConfigurationList;
			buildConfigurations = (
				F34AC6BA2427768F005267BF /* Debug */,
				F34AC6BB2427768F005267BF /* Release */,
			);
			defaultConfigurationIsVisible = 0;
			defaultConfigurationName = Release;
		};
		F34AC6BC2427768F005267BF /* Build configuration list for PBXNativeTarget "CandleTest" */ = {
			isa = XCConfigurationList;
			buildConfigurations = (
				F34AC6BD2427768F005267BF /* Debug */,
				F34AC6BE2427768F005267BF /* Release */,
			);
			defaultConfigurationIsVisible = 0;
			defaultConfigurationName = Release;
		};
/* End XCConfigurationList section */
	};
	rootObject = F34AC6A02427768E005267BF /* Project object */;
}
